
Microsoft Visual Studio Solution File, Format Version 12.00
# Visual Studio 15
VisualStudioVersion = 15.0.28010.2050
MinimumVisualStudioVersion = 10.0.40219.1
Project("{FAE04EC0-301F-11D3-BF4B-00C04F79EFBC}") = "TempetarureWidget", "TempetarureWidget\TempetarureWidget.csproj", "{55B3C1CC-BAE5-4F82-9FA9-1B698B79534B}"
EndProject
Global
	GlobalSection(SolutionConfigurationPlatforms) = preSolution
		Debug|Any CPU = Debug|Any CPU
		Release|Any CPU = Release|Any CPU
	EndGlobalSection
	GlobalSection(ProjectConfigurationPlatforms) = postSolution
		{55B3C1CC-BAE5-4F82-9FA9-1B698B79534B}.Debug|Any CPU.ActiveCfg = Debug|Any CPU
		{55B3C1CC-BAE5-4F82-9FA9-1B698B79534B}.Debug|Any CPU.Build.0 = Debug|Any CPU
		{55B3C1CC-BAE5-4F82-9FA9-1B698B79534B}.Release|Any CPU.ActiveCfg = Release|Any CPU
		{55B3C1CC-BAE5-4F82-9FA9-1B698B79534B}.Release|Any CPU.Build.0 = Release|Any CPU
	EndGlobalSection
	GlobalSection(SolutionProperties) = preSolution
		HideSolutionNode = FALSE
	EndGlobalSection
	GlobalSection(ExtensibilityGlobals) = postSolution
		SolutionGuid = {CBE9D4C9-22C9-4A3E-B0C1-C5A72E5C6571}
	EndGlobalSection
EndGlobal
